# THIS IS AN AUTOGENERATED FILE. DO NOT EDIT THIS FILE DIRECTLY.
# yarn lockfile v1


"@kartverket/geonorge-web-components@^4.0.7":
  version "4.0.7"
  resolved "https://registry.yarnpkg.com/@kartverket/geonorge-web-components/-/geonorge-web-components-4.0.7.tgz#3393ff54f9897118bc31e4a7e68be4e01613df8d"
  integrity sha512-MY+gNWCVuG4obIf/OlWcTdtsujkiDr+NLJdKuXLbggFLX59EOyWRJ10BUr0CbTb8hoO79ek9QpAGrD0YZqnmJA==
